PODS:
  - dropbox_client (1.0.0):
    - Flutter
    - ObjectiveDropboxOfficial
  - Flutter (1.0.0)
  - ObjectiveDropboxOfficial (7.1.1)
  - path_provider_foundation (0.0.1):
    - Flutter
    - FlutterMacOS
  - shared_preferences_foundation (0.0.1):
    - Flutter
    - FlutterMacOS

DEPENDENCIES:
  - dropbox_client (from `.symlinks/plugins/dropbox_client/ios`)
  - Flutter (from `Flutter`)
  - path_provider_foundation (from `.symlinks/plugins/path_provider_foundation/darwin`)
  - shared_preferences_foundation (from `.symlinks/plugins/shared_preferences_foundation/darwin`)

SPEC REPOS:
  trunk:
    - ObjectiveDropboxOfficial

EXTERNAL SOURCES:
  dropbox_client:
    :path: ".symlinks/plugins/dropbox_client/ios"
  Flutter:
    :path: Flutter
  path_provider_foundation:
    :path: ".symlinks/plugins/path_provider_foundation/darwin"
  shared_preferences_foundation:
    :path: ".symlinks/plugins/shared_preferences_foundation/darwin"

SPEC CHECKSUMS:
  dropbox_client: d876dfb94067101d8ae69130e866b48cff9f5f84
  Flutter: f04841e97a9d0b0a8025694d0796dd46242b2854
  ObjectiveDropboxOfficial: c2081f0a4533e6069e2adebed142d0d28a77335f
  path_provider_foundation: eaf5b3e458fc0e5fbb9940fb09980e853fe058b8
  shared_preferences_foundation: e2dae3258e06f44cc55f49d42024fd8dd03c590c

PODFILE CHECKSUM: 26519c81689f55e304d5594ba5afa73f36348764

COCOAPODS: 1.11.3
